// !$*UTF8*$!
{
	archiveVersion = 1;
	classes = {
	};
	objectVersion = 56;
	objects = {

/* Begin PBXBuildFile section */
		2E754D6929851F2400472D3B /* AppDelegate.swift in Sources */ = {isa = PBXBuildFile; fileRef = 2E754D6829851F2400472D3B /* AppDelegate.swift */; };
		2E754D6B29851F2400472D3B /* SceneDelegate.swift in Sources */ = {isa = PBXBuildFile; fileRef = 2E754D6A29851F2400472D3B /* SceneDelegate.swift */; };
		2E754D6D29851F2400472D3B /* ViewController.swift in Sources */ = {isa = PBXBuildFile; fileRef = 2E754D6C29851F2400472D3B /* ViewController.swift */; };
		2E754D7029851F2400472D3B /* Main.storyboard in Resources */ = {isa = PBXBuildFile; fileRef = 2E754D6E29851F2400472D3B /* Main.storyboard */; };
		2E754D7229851F2500472D3B /* Assets.xcassets in Resources */ = {isa = PBXBuildFile; fileRef = 2E754D7129851F2500472D3B /* Assets.xcassets */; };
		2E754D7529851F2500472D3B /* LaunchScreen.storyboard in Resources */ = {isa = PBXBuildFile; fileRef = 2E754D7329851F2500472D3B /* LaunchScreen.storyboard */; };
		2E754D8029851F2500472D3B /* DesignPatternTests.swift in Sources */ = {isa = PBXBuildFile; fileRef = 2E754D7F29851F2500472D3B /* DesignPatternTests.swift */; };
		2E754D8A29851F2500472D3B /* DesignPatternUITests.swift in Sources */ = {isa = PBXBuildFile; fileRef = 2E754D8929851F2500472D3B /* DesignPatternUITests.swift */; };
		2E754D8C29851F2500472D3B /* DesignPatternUITestsLaunchTests.swift in Sources */ = {isa = PBXBuildFile; fileRef = 2E754D8B29851F2500472D3B /* DesignPatternUITestsLaunchTests.swift */; };
/* End PBXBuildFile section */

/* Begin PBXContainerItemProxy section */
		2E754D7C29851F2500472D3B /* PBXContainerItemProxy */ = {
			isa = PBXContainerItemProxy;
			containerPortal = 2E754D5D29851F2400472D3B /* Project object */;
			proxyType = 1;
			remoteGlobalIDString = 2E754D6429851F2400472D3B;
			remoteInfo = DesignPattern;
		};
		2E754D8629851F2500472D3B /* PBXContainerItemProxy */ = {
			isa = PBXContainerItemProxy;
			containerPortal = 2E754D5D29851F2400472D3B /* Project object */;
			proxyType = 1;
			remoteGlobalIDString = 2E754D6429851F2400472D3B;
			remoteInfo = DesignPattern;
		};
/* End PBXContainerItemProxy section */

/* Begin PBXFileReference section */
		2E754D6529851F2400472D3B /* DesignPattern.app */ = {isa = PBXFileReference; explicitFileType = wrapper.application; includeInIndex = 0; path = DesignPattern.app; sourceTree = BUILT_PRODUCTS_DIR; };
		2E754D6829851F2400472D3B /* AppDelegate.swift */ = {isa = PBXFileReference; lastKnownFileType = sourcecode.swift; path = AppDelegate.swift; sourceTree = "<group>"; };
		2E754D6A29851F2400472D3B /* SceneDelegate.swift */ = {isa = PBXFileReference; lastKnownFileType = sourcecode.swift; path = SceneDelegate.swift; sourceTree = "<group>"; };
		2E754D6C29851F2400472D3B /* ViewController.swift */ = {isa = PBXFileReference; lastKnownFileType = sourcecode.swift; path = ViewController.swift; sourceTree = "<group>"; };
		2E754D6F29851F2400472D3B /* Base */ = {isa = PBXFileReference; lastKnownFileType = file.storyboard; name = Base; path = Base.lproj/Main.storyboard; sourceTree = "<group>"; };
		2E754D7129851F2500472D3B /* Assets.xcassets */ = {isa = PBXFileReference; lastKnownFileType = folder.assetcatalog; path = Assets.xcassets; sourceTree = "<group>"; };
		2E754D7429851F2500472D3B /* Base */ = {isa = PBXFileReference; lastKnownFileType = file.storyboard; name = Base; path = Base.lproj/LaunchScreen.storyboard; sourceTree = "<group>"; };
		2E754D7629851F2500472D3B /* Info.plist */ = {isa = PBXFileReference; lastKnownFileType = text.plist.xml; path = Info.plist; sourceTree = "<group>"; };
		2E754D7B29851F2500472D3B /* DesignPatternTests.xctest */ = {isa = PBXFileReference; explicitFileType = wrapper.cfbundle; includeInIndex = 0; path = DesignPatternTests.xctest; sourceTree = BUILT_PRODUCTS_DIR; };
		2E754D7F29851F2500472D3B /* DesignPatternTests.swift */ = {isa = PBXFileReference; lastKnownFileType = sourcecode.swift; path = DesignPatternTests.swift; sourceTree = "<group>"; };
		2E754D8529851F2500472D3B /* DesignPatternUITests.xctest */ = {isa = PBXFileReference; explicitFileType = wrapper.cfbundle; includeInIndex = 0; path = DesignPatternUITests.xctest; sourceTree = BUILT_PRODUCTS_DIR; };
		2E754D8929851F2500472D3B /* DesignPatternUITests.swift */ = {isa = PBXFileReference; lastKnownFileType = sourcecode.swift; path = DesignPatternUITests.swift; sourceTree = "<group>"; };
		2E754D8B29851F2500472D3B /* DesignPatternUITestsLaunchTests.swift */ = {isa = PBXFileReference; lastKnownFileType = sourcecode.swift; path = DesignPatternUITestsLaunchTests.swift; sourceTree = "<group>"; };
/* End PBXFileReference section */

/* Begin PBXFrameworksBuildPhase section */
		2E754D6229851F2400472D3B /* Frameworks */ = {
			isa = PBXFrameworksBuildPhase;
			buildActionMask = 2147483647;
			files = (
			);
			runOnlyForDeploymentPostprocessing = 0;
		};
		2E754D7829851F2500472D3B /* Frameworks */ = {
			isa = PBXFrameworksBuildPhase;
			buildActionMask = 2147483647;
			files = (
			);
			runOnlyForDeploymentPostprocessing = 0;
		};
		2E754D8229851F2500472D3B /* Frameworks */ = {
			isa = PBXFrameworksBuildPhase;
			buildActionMask = 2147483647;
			files = (
			);
			runOnlyForDeploymentPostprocessing = 0;
		};
/* End PBXFrameworksBuildPhase section */

/* Begin PBXGroup section */
		2E754D5C29851F2400472D3B = {
			isa = PBXGroup;
			children = (
				2E754D6729851F2400472D3B /* DesignPattern */,
				2E754D7E29851F2500472D3B /* DesignPatternTests */,
				2E754D8829851F2500472D3B /* DesignPatternUITests */,
				2E754D6629851F2400472D3B /* Products */,
			);
			sourceTree = "<group>";
		};
		2E754D6629851F2400472D3B /* Products */ = {
			isa = PBXGroup;
			children = (
				2E754D6529851F2400472D3B /* DesignPattern.app */,
				2E754D7B29851F2500472D3B /* DesignPatternTests.xctest */,
				2E754D8529851F2500472D3B /* DesignPatternUITests.xctest */,
			);
			name = Products;
			sourceTree = "<group>";
		};
		2E754D6729851F2400472D3B /* DesignPattern */ = {
			isa = PBXGroup;
			children = (
				2E754D6829851F2400472D3B /* AppDelegate.swift */,
				2E754D6A29851F2400472D3B /* SceneDelegate.swift */,
				2E754D6C29851F2400472D3B /* ViewController.swift */,
				2E754D6E29851F2400472D3B /* Main.storyboard */,
				2E754D7129851F2500472D3B /* Assets.xcassets */,
				2E754D7329851F2500472D3B /* LaunchScreen.storyboard */,
				2E754D7629851F2500472D3B /* Info.plist */,
			);
			path = DesignPattern;
			sourceTree = "<group>";
		};
		2E754D7E29851F2500472D3B /* DesignPatternTests */ = {
			isa = PBXGroup;
			children = (
				2E754D7F29851F2500472D3B /* DesignPatternTests.swift */,
			);
			path = DesignPatternTests;
			sourceTree = "<group>";
		};
		2E754D8829851F2500472D3B /* DesignPatternUITests */ = {
			isa = PBXGroup;
			children = (
				2E754D8929851F2500472D3B /* DesignPatternUITests.swift */,
				2E754D8B29851F2500472D3B /* DesignPatternUITestsLaunchTests.swift */,
			);
			path = DesignPatternUITests;
			sourceTree = "<group>";
		};
/* End PBXGroup section */

/* Begin PBXNativeTarget section */
		2E754D6429851F2400472D3B /* DesignPattern */ = {
			isa = PBXNativeTarget;
			buildConfigurationList = 2E754D8F29851F2500472D3B /* Build configuration list for PBXNativeTarget "DesignPattern" */;
			buildPhases = (
				2E754D6129851F2400472D3B /* Sources */,
				2E754D6229851F2400472D3B /* Frameworks */,
				2E754D6329851F2400472D3B /* Resources */,
			);
			buildRules = (
			);
			dependencies = (
			);
			name = DesignPattern;
			productName = DesignPattern;
			productReference = 2E754D6529851F2400472D3B /* DesignPattern.app */;
			productType = "com.apple.product-type.application";
		};
		2E754D7A29851F2500472D3B /* DesignPatternTests */ = {
			isa = PBXNativeTarget;
			buildConfigurationList = 2E754D9229851F2500472D3B /* Build configuration list for PBXNativeTarget "DesignPatternTests" */;
			buildPhases = (
				2E754D7729851F2500472D3B /* Sources */,
				2E754D7829851F2500472D3B /* Frameworks */,
				2E754D7929851F2500472D3B /* Resources */,
			);
			buildRules = (
			);
			dependencies = (
				2E754D7D29851F2500472D3B /* PBXTargetDependency */,
			);
			name = DesignPatternTests;
			productName = DesignPatternTests;
			productReference = 2E754D7B29851F2500472D3B /* DesignPatternTests.xctest */;
			productType = "com.apple.product-type.bundle.unit-test";
		};
		2E754D8429851F2500472D3B /* DesignPatternUITests */ = {
			isa = PBXNativeTarget;
			buildConfigurationList = 2E754D9529851F2500472D3B /* Build configuration list for PBXNativeTarget "DesignPatternUITests" */;
			buildPhases = (
				2E754D8129851F2500472D3B /* Sources */,
				2E754D8229851F2500472D3B /* Frameworks */,
				2E754D8329851F2500472D3B /* Resources */,
			);
			buildRules = (
			);
			dependencies = (
				2E754D8729851F2500472D3B /* PBXTargetDependency */,
			);
			name = DesignPatternUITests;
			productName = DesignPatternUITests;
			productReference = 2E754D8529851F2500472D3B /* DesignPatternUITests.xctest */;
			productType = "com.apple.product-type.bundle.ui-testing";
		};
/* End PBXNativeTarget section */

/* Begin PBXProject section */
		2E754D5D29851F2400472D3B /* Project object */ = {
			isa = PBXProject;
			attributes = {
				BuildIndependentTargetsInParallel = 1;
				LastSwiftUpdateCheck = 1420;
				LastUpgradeCheck = 1420;
				TargetAttributes = {
					2E754D6429851F2400472D3B = {
						CreatedOnToolsVersion = 14.2;
					};
					2E754D7A29851F2500472D3B = {
						CreatedOnToolsVersion = 14.2;
						TestTargetID = 2E754D6429851F2400472D3B;
					};
					2E754D8429851F2500472D3B = {
						CreatedOnToolsVersion = 14.2;
						TestTargetID = 2E754D6429851F2400472D3B;
					};
				};
			};
			buildConfigurationList = 2E754D6029851F2400472D3B /* Build configuration list for PBXProject "DesignPattern" */;
			compatibilityVersion = "Xcode 14.0";
			developmentRegion = en;
			hasScannedForEncodings = 0;
			knownRegions = (
				en,
				Base,
			);
			mainGroup = 2E754D5C29851F2400472D3B;
			productRefGroup = 2E754D6629851F2400472D3B /* Products */;
			projectDirPath = "";
			projectRoot = "";
			targets = (
				2E754D6429851F2400472D3B /* DesignPattern */,
				2E754D7A29851F2500472D3B /* DesignPatternTests */,
				2E754D8429851F2500472D3B /* DesignPatternUITests */,
			);
		};
/* End PBXProject section */

/* Begin PBXResourcesBuildPhase section */
		2E754D6329851F2400472D3B /* Resources */ = {
			isa = PBXResourcesBuildPhase;
			buildActionMask = 2147483647;
			files = (
				2E754D7529851F2500472D3B /* LaunchScreen.storyboard in Resources */,
				2E754D7229851F2500472D3B /* Assets.xcassets in Resources */,
				2E754D7029851F2400472D3B /* Main.storyboard in Resources */,
			);
			runOnlyForDeploymentPostprocessing = 0;
		};
		2E754D7929851F2500472D3B /* Resources */ = {
			isa = PBXResourcesBuildPhase;
			buildActionMask = 2147483647;
			files = (
			);
			runOnlyForDeploymentPostprocessing = 0;
		};
		2E754D8329851F2500472D3B /* Resources */ = {
			isa = PBXResourcesBuildPhase;
			buildActionMask = 2147483647;
			files = (
			);
			runOnlyForDeploymentPostprocessing = 0;
		};
/* End PBXResourcesBuildPhase section */

/* Begin PBXSourcesBuildPhase section */
		2E754D6129851F2400472D3B /* Sources */ = {
			isa = PBXSourcesBuildPhase;
			buildActionMask = 2147483647;
			files = (
				2E754D6D29851F2400472D3B /* ViewController.swift in Sources */,
				2E754D6929851F2400472D3B /* AppDelegate.swift in Sources */,
				2E754D6B29851F2400472D3B /* SceneDelegate.swift in Sources */,
			);
			runOnlyForDeploymentPostprocessing = 0;
		};
		2E754D7729851F2500472D3B /* Sources */ = {
			isa = PBXSourcesBuildPhase;
			buildActionMask = 2147483647;
			files = (
				2E754D8029851F2500472D3B /* DesignPatternTests.swift in Sources */,
			);
			runOnlyForDeploymentPostprocessing = 0;
		};
		2E754D8129851F2500472D3B /* Sources */ = {
			isa = PBXSourcesBuildPhase;
			buildActionMask = 2147483647;
			files = (
				2E754D8A29851F2500472D3B /* DesignPatternUITests.swift in Sources */,
				2E754D8C29851F2500472D3B /* DesignPatternUITestsLaunchTests.swift in Sources */,
			);
			runOnlyForDeploymentPostprocessing = 0;
		};
/* End PBXSourcesBuildPhase section */

/* Begin PBXTargetDependency section */
		2E754D7D29851F2500472D3B /* PBXTargetDependency */ = {
			isa = PBXTargetDependency;
			target = 2E754D6429851F2400472D3B /* DesignPattern */;
			targetProxy = 2E754D7C29851F2500472D3B /* PBXContainerItemProxy */;
		};
		2E754D8729851F2500472D3B /* PBXTargetDependency */ = {
			isa = PBXTargetDependency;
			target = 2E754D6429851F2400472D3B /* DesignPattern */;
			targetProxy = 2E754D8629851F2500472D3B /* PBXContainerItemProxy */;
		};
/* End PBXTargetDependency section */

/* Begin PBXVariantGroup section */
		2E754D6E29851F2400472D3B /* Main.storyboard */ = {
			isa = PBXVariantGroup;
			children = (
				2E754D6F29851F2400472D3B /* Base */,
			);
			name = Main.storyboard;
			sourceTree = "<group>";
		};
		2E754D7329851F2500472D3B /* LaunchScreen.storyboard */ = {
			isa = PBXVariantGroup;
			children = (
				2E754D7429851F2500472D3B /* Base */,
			);
			name = LaunchScreen.storyboard;
			sourceTree = "<group>";
		};
/* End PBXVariantGroup section */

/* Begin XCBuildConfiguration section */
		2E754D8D29851F2500472D3B /* Debug */ = {
			isa = XCBuildConfiguration;
			buildSettings = {
				ALWAYS_SEARCH_USER_PATHS = NO;
				CLANG_ANALYZER_NONNULL = YES;
				CLANG_ANALYZER_NUMBER_OBJECT_CONVERSION = YES_AGGRESSIVE;
				CLANG_CXX_LANGUAGE_STANDARD = "gnu++20";
				CLANG_ENABLE_MODULES = YES;
				CLANG_ENABLE_OBJC_ARC = YES;
				CLANG_ENABLE_OBJC_WEAK = YES;
				CLANG_WARN_BLOCK_CAPTURE_AUTORELEASING = YES;
				CLANG_WARN_BOOL_CONVERSION = YES;
				CLANG_WARN_COMMA = YES;
				CLANG_WARN_CONSTANT_CONVERSION = YES;
				CLANG_WARN_DEPRECATED_OBJC_IMPLEMENTATIONS = YES;
				CLANG_WARN_DIRECT_OBJC_ISA_USAGE = YES_ERROR;
				CLANG_WARN_DOCUMENTATION_COMMENTS = YES;
				CLANG_WARN_EMPTY_BODY = YES;
				CLANG_WARN_ENUM_CONVERSION = YES;
				CLANG_WARN_INFINITE_RECURSION = YES;
				CLANG_WARN_INT_CONVERSION = YES;
				CLANG_WARN_NON_LITERAL_NULL_CONVERSION = YES;
				CLANG_WARN_OBJC_IMPLICIT_RETAIN_SELF = YES;
				CLANG_WARN_OBJC_LITERAL_CONVERSION = YES;
				CLANG_WARN_OBJC_ROOT_CLASS = YES_ERROR;
				CLANG_WARN_QUOTED_INCLUDE_IN_FRAMEWORK_HEADER = YES;
				CLANG_WARN_RANGE_LOOP_ANALYSIS = YES;
				CLANG_WARN_STRICT_PROTOTYPES = YES;
				CLANG_WARN_SUSPICIOUS_MOVE = YES;
				CLANG_WARN_UNGUARDED_AVAILABILITY = YES_AGGRESSIVE;
				CLANG_WARN_UNREACHABLE_CODE = YES;
				CLANG_WARN__DUPLICATE_METHOD_MATCH = YES;
				COPY_PHASE_STRIP = NO;
				DEBUG_INFORMATION_FORMAT = dwarf;
				ENABLE_STRICT_OBJC_MSGSEND = YES;
				ENABLE_TESTABILITY = YES;
				GCC_C_LANGUAGE_STANDARD = gnu11;
				GCC_DYNAMIC_NO_PIC = NO;
				GCC_NO_COMMON_BLOCKS = YES;
				GCC_OPTIMIZATION_LEVEL = 0;
				GCC_PREPROCESSOR_DEFINITIONS = (
					"DEBUG=1",
					"$(inherited)",
				);
				GCC_WARN_64_TO_32_BIT_CONVERSION = YES;
				GCC_WARN_ABOUT_RETURN_TYPE = YES_ERROR;
				GCC_WARN_UNDECLARED_SELECTOR = YES;
				GCC_WARN_UNINITIALIZED_AUTOS = YES_AGGRESSIVE;
				GCC_WARN_UNUSED_FUNCTION = YES;
				GCC_WARN_UNUSED_VARIABLE = YES;
				IPHONEOS_DEPLOYMENT_TARGET = 16.2;
				MTL_ENABLE_DEBUG_INFO = INCLUDE_SOURCE;
				MTL_FAST_MATH = YES;
				ONLY_ACTIVE_ARCH = YES;
				SDKROOT = iphoneos;
				SWIFT_ACTIVE_COMPILATION_CONDITIONS = DEBUG;
				SWIFT_OPTIMIZATION_LEVEL = "-Onone";
			};
			name = Debug;
		};
		2E754D8E29851F2500472D3B /* Release */ = {
			isa = XCBuildConfiguration;
			buildSettings = {
				ALWAYS_SEARCH_USER_PATHS = NO;
				CLANG_ANALYZER_NONNULL = YES;
				CLANG_ANALYZER_NUMBER_OBJECT_CONVERSION = YES_AGGRESSIVE;
				CLANG_CXX_LANGUAGE_STANDARD = "gnu++20";
				CLANG_ENABLE_MODULES = YES;
				CLANG_ENABLE_OBJC_ARC = YES;
				CLANG_ENABLE_OBJC_WEAK = YES;
				CLANG_WARN_BLOCK_CAPTURE_AUTORELEASING = YES;
				CLANG_WARN_BOOL_CONVERSION = YES;
				CLANG_WARN_COMMA = YES;
				CLANG_WARN_CONSTANT_CONVERSION = YES;
				CLANG_WARN_DEPRECATED_OBJC_IMPLEMENTATIONS = YES;
				CLANG_WARN_DIRECT_OBJC_ISA_USAGE = YES_ERROR;
				CLANG_WARN_DOCUMENTATION_COMMENTS = YES;
				CLANG_WARN_EMPTY_BODY = YES;
				CLANG_WARN_ENUM_CONVERSION = YES;
				CLANG_WARN_INFINITE_RECURSION = YES;
				CLANG_WARN_INT_CONVERSION = YES;
				CLANG_WARN_NON_LITERAL_NULL_CONVERSION = YES;
				CLANG_WARN_OBJC_IMPLICIT_RETAIN_SELF = YES;
				CLANG_WARN_OBJC_LITERAL_CONVERSION = YES;
				CLANG_WARN_OBJC_ROOT_CLASS = YES_ERROR;
				CLANG_WARN_QUOTED_INCLUDE_IN_FRAMEWORK_HEADER = YES;
				CLANG_WARN_RANGE_LOOP_ANALYSIS = YES;
				CLANG_WARN_STRICT_PROTOTYPES = YES;
				CLANG_WARN_SUSPICIOUS_MOVE = YES;
				CLANG_WARN_UNGUARDED_AVAILABILITY = YES_AGGRESSIVE;
				CLANG_WARN_UNREACHABLE_CODE = YES;
				CLANG_WARN__DUPLICATE_METHOD_MATCH = YES;
				COPY_PHASE_STRIP = NO;
				DEBUG_INFORMATION_FORMAT = "dwarf-with-dsym";
				ENABLE_NS_ASSERTIONS = NO;
				ENABLE_STRICT_OBJC_MSGSEND = YES;
				GCC_C_LANGUAGE_STANDARD = gnu11;
				GCC_NO_COMMON_BLOCKS = YES;
				GCC_WARN_64_TO_32_BIT_CONVERSION = YES;
				GCC_WARN_ABOUT_RETURN_TYPE = YES_ERROR;
				GCC_WARN_UNDECLARED_SELECTOR = YES;
				GCC_WARN_UNINITIALIZED_AUTOS = YES_AGGRESSIVE;
				GCC_WARN_UNUSED_FUNCTION = YES;
				GCC_WARN_UNUSED_VARIABLE = YES;
				IPHONEOS_DEPLOYMENT_TARGET = 16.2;
				MTL_ENABLE_DEBUG_INFO = NO;
				MTL_FAST_MATH = YES;
				SDKROOT = iphoneos;
				SWIFT_COMPILATION_MODE = wholemodule;
				SWIFT_OPTIMIZATION_LEVEL = "-O";
				VALIDATE_PRODUCT = YES;
			};
			name = Release;
		};
		2E754D9029851F2500472D3B /* Debug */ = {
			isa = XCBuildConfiguration;
			buildSettings = {
				ASSETCATALOG_COMPILER_APPICON_NAME = AppIcon;
				ASSETCATALOG_COMPILER_GLOBAL_ACCENT_COLOR_NAME = AccentColor;
				CODE_SIGN_STYLE = Automatic;
				CURRENT_PROJECT_VERSION = 1;
				DEVELOPMENT_TEAM = G325N7RMFM;
				GENERATE_INFOPLIST_FILE = YES;
				INFOPLIST_FILE = DesignPattern/Info.plist;
				INFOPLIST_KEY_UIApplicationSupportsIndirectInputEvents = YES;
				INFOPLIST_KEY_UILaunchStoryboardName = LaunchScreen;
				INFOPLIST_KEY_UIMainStoryboardFile = Main;
				INFOPLIST_KEY_UISupportedInterfaceOrientations_iPad = "UIInterfaceOrientationPortrait UIInterfaceOrientationPortraitUpsideDown UIInterfaceOrientationLandscapeLeft UIInterfaceOrientationLandscapeRight";
				INFOPLIST_KEY_UISupportedInterfaceOrientations_iPhone = "UIInterfaceOrientationPortrait UIInterfaceOrientationLandscapeLeft UIInterfaceOrientationLandscapeRight";
				LD_RUNPATH_SEARCH_PATHS = (
					"$(inherited)",
					"@executable_path/Frameworks",
				);
				MARKETING_VERSION = 1.0;
				PRODUCT_BUNDLE_IDENTIFIER = com.jkxuewei.blog.DesignPattern;
				PRODUCT_NAME = "$(TARGET_NAME)";
				SWIFT_EMIT_LOC_STRINGS = YES;
				SWIFT_VERSION = 5.0;
				TARGETED_DEVICE_FAMILY = "1,2";
			};
			name = Debug;
		};
		2E754D9129851F2500472D3B /* Release */ = {
			isa = XCBuildConfiguration;
			buildSettings = {
				ASSETCATALOG_COMPILER_APPICON_NAME = AppIcon;
				ASSETCATALOG_COMPILER_GLOBAL_ACCENT_COLOR_NAME = AccentColor;
				CODE_SIGN_STYLE = Automatic;
				CURRENT_PROJECT_VERSION = 1;
				DEVELOPMENT_TEAM = G325N7RMFM;
				GENERATE_INFOPLIST_FILE = YES;
				INFOPLIST_FILE = DesignPattern/Info.plist;
				INFOPLIST_KEY_UIApplicationSupportsIndirectInputEvents = YES;
				INFOPLIST_KEY_UILaunchStoryboardName = LaunchScreen;
				INFOPLIST_KEY_UIMainStoryboardFile = Main;
				INFOPLIST_KEY_UISupportedInterfaceOrientations_iPad = "UIInterfaceOrientationPortrait UIInterfaceOrientationPortraitUpsideDown UIInterfaceOrientationLandscapeLeft UIInterfaceOrientationLandscapeRight";
				INFOPLIST_KEY_UISupportedInterfaceOrientations_iPhone = "UIInterfaceOrientationPortrait UIInterfaceOrientationLandscapeLeft UIInterfaceOrientationLandscapeRight";
				LD_RUNPATH_SEARCH_PATHS = (
					"$(inherited)",
					"@executable_path/Frameworks",
				);
				MARKETING_VERSION = 1.0;
				PRODUCT_BUNDLE_IDENTIFIER = com.jkxuewei.blog.DesignPattern;
				PRODUCT_NAME = "$(TARGET_NAME)";
				SWIFT_EMIT_LOC_STRINGS = YES;
				SWIFT_VERSION = 5.0;
				TARGETED_DEVICE_FAMILY = "1,2";
			};
			name = Release;
		};
		2E754D9329851F2500472D3B /* Debug */ = {
			isa = XCBuildConfiguration;
			buildSettings = {
				ALWAYS_EMBED_SWIFT_STANDARD_LIBRARIES = YES;
				BUNDLE_LOADER = "$(TEST_HOST)";
				CODE_SIGN_STYLE = Automatic;
				CURRENT_PROJECT_VERSION = 1;
				DEVELOPMENT_TEAM = G325N7RMFM;
				GENERATE_INFOPLIST_FILE = YES;
				IPHONEOS_DEPLOYMENT_TARGET = 16.2;
				MARKETING_VERSION = 1.0;
				PRODUCT_BUNDLE_IDENTIFIER = com.jkxuewei.blog.DesignPatternTests;
				PRODUCT_NAME = "$(TARGET_NAME)";
				SWIFT_EMIT_LOC_STRINGS = NO;
				SWIFT_VERSION = 5.0;
				TARGETED_DEVICE_FAMILY = "1,2";
				TEST_HOST = "$(BUILT_PRODUCTS_DIR)/DesignPattern.app/$(BUNDLE_EXECUTABLE_FOLDER_PATH)/DesignPattern";
			};
			name = Debug;
		};
		2E754D9429851F2500472D3B /* Release */ = {
			isa = XCBuildConfiguration;
			buildSettings = {
				ALWAYS_EMBED_SWIFT_STANDARD_LIBRARIES = YES;
				BUNDLE_LOADER = "$(TEST_HOST)";
				CODE_SIGN_STYLE = Automatic;
				CURRENT_PROJECT_VERSION = 1;
				DEVELOPMENT_TEAM = G325N7RMFM;
				GENERATE_INFOPLIST_FILE = YES;
				IPHONEOS_DEPLOYMENT_TARGET = 16.2;
				MARKETING_VERSION = 1.0;
				PRODUCT_BUNDLE_IDENTIFIER = com.jkxuewei.blog.DesignPatternTests;
				PRODUCT_NAME = "$(TARGET_NAME)";
				SWIFT_EMIT_LOC_STRINGS = NO;
				SWIFT_VERSION = 5.0;
				TARGETED_DEVICE_FAMILY = "1,2";
				TEST_HOST = "$(BUILT_PRODUCTS_DIR)/DesignPattern.app/$(BUNDLE_EXECUTABLE_FOLDER_PATH)/DesignPattern";
			};
			name = Release;
		};
		2E754D9629851F2500472D3B /* Debug */ = {
			isa = XCBuildConfiguration;
			buildSettings = {
				ALWAYS_EMBED_SWIFT_STANDARD_LIBRARIES = YES;
				CODE_SIGN_STYLE = Automatic;
				CURRENT_PROJECT_VERSION = 1;
				DEVELOPMENT_TEAM = G325N7RMFM;
				GENERATE_INFOPLIST_FILE = YES;
				MARKETING_VERSION = 1.0;
				PRODUCT_BUNDLE_IDENTIFIER = com.jkxuewei.blog.DesignPatternUITests;
				PRODUCT_NAME = "$(TARGET_NAME)";
				SWIFT_EMIT_LOC_STRINGS = NO;
				SWIFT_VERSION = 5.0;
				TARGETED_DEVICE_FAMILY = "1,2";
				TEST_TARGET_NAME = DesignPattern;
			};
			name = Debug;
		};
		2E754D9729851F2500472D3B /* Release */ = {
			isa = XCBuildConfiguration;
			buildSettings = {
				ALWAYS_EMBED_SWIFT_STANDARD_LIBRARIES = YES;
				CODE_SIGN_STYLE = Automatic;
				CURRENT_PROJECT_VERSION = 1;
				DEVELOPMENT_TEAM = G325N7RMFM;
				GENERATE_INFOPLIST_FILE = YES;
				MARKETING_VERSION = 1.0;
				PRODUCT_BUNDLE_IDENTIFIER = com.jkxuewei.blog.DesignPatternUITests;
				PRODUCT_NAME = "$(TARGET_NAME)";
				SWIFT_EMIT_LOC_STRINGS = NO;
				SWIFT_VERSION = 5.0;
				TARGETED_DEVICE_FAMILY = "1,2";
				TEST_TARGET_NAME = DesignPattern;
			};
			name = Release;
		};
/* End XCBuildConfiguration section */

/* Begin XCConfigurationList section */
		2E754D6029851F2400472D3B /* Build configuration list for PBXProject "DesignPattern" */ = {
			isa = XCConfigurationList;
			buildConfigurations = (
				2E754D8D29851F2500472D3B /* Debug */,
				2E754D8E29851F2500472D3B /* Release */,
			);
			defaultConfigurationIsVisible = 0;
			defaultConfigurationName = Release;
		};
		2E754D8F29851F2500472D3B /* Build configuration list for PBXNativeTarget "DesignPattern" */ = {
			isa = XCConfigurationList;
			buildConfigurations = (
				2E754D9029851F2500472D3B /* Debug */,
				2E754D9129851F2500472D3B /* Release */,
			);
			defaultConfigurationIsVisible = 0;
			defaultConfigurationName = Release;
		};
		2E754D9229851F2500472D3B /* Build configuration list for PBXNativeTarget "DesignPatternTests" */ = {
			isa = XCConfigurationList;
			buildConfigurations = (
				2E754D9329851F2500472D3B /* Debug */,
				2E754D9429851F2500472D3B /* Release */,
			);
			defaultConfigurationIsVisible = 0;
			defaultConfigurationName = Release;
		};
		2E754D9529851F2500472D3B /* Build configuration list for PBXNativeTarget "DesignPatternUITests" */ = {
			isa = XCConfigurationList;
			buildConfigurations = (
				2E754D9629851F2500472D3B /* Debug */,
				2E754D9729851F2500472D3B /* Release */,
			);
			defaultConfigurationIsVisible = 0;
			defaultConfigurationName = Release;
		};
/* End XCConfigurationList section */
	};
	rootObject = 2E754D5D29851F2400472D3B /* Project object */;
}
