// !$*UTF8*$!
{
	archiveVersion = 1;
	classes = {
	};
	objectVersion = 50;
	objects = {

/* Begin PBXBuildFile section */
		40CEF5D1D96014E48454AA53 /* libPods-XWLoadImageToolDemo.a in Frameworks */ = {isa = PBXBuildFile; fileRef = 676B36E6B75F395A4E3935A3 /* libPods-XWLoadImageToolDemo.a */; };
		4E03FA7F03D2B39507D75D84 /* libPods-XWLoadImageToolDemoTests.a in Frameworks */ = {isa = PBXBuildFile; fileRef = DEC43925AE45985B50B3398D /* libPods-XWLoadImageToolDemoTests.a */; };
		AFA5052F5B86A181C5A01BD9 /* libPods-XWLoadImageToolDemoUITests.a in Frameworks */ = {isa = PBXBuildFile; fileRef = 6369AB44A78B1D1A0C275492 /* libPods-XWLoadImageToolDemoUITests.a */; };
		DE9AF34E20AC33B1003AFFCA /* TestImageCell.m in Sources */ = {isa = PBXBuildFile; fileRef = DE9AF34C20AC33B1003AFFCA /* TestImageCell.m */; };
		DE9AF34F20AC33B1003AFFCA /* TestImageCell.xib in Resources */ = {isa = PBXBuildFile; fileRef = DE9AF34D20AC33B1003AFFCA /* TestImageCell.xib */; };
		DEA1977F20AC2961003D29EF /* AppDelegate.m in Sources */ = {isa = PBXBuildFile; fileRef = DEA1977E20AC2961003D29EF /* AppDelegate.m */; };
		DEA1978220AC2961003D29EF /* ViewController.m in Sources */ = {isa = PBXBuildFile; fileRef = DEA1978120AC2961003D29EF /* ViewController.m */; };
		DEA1978520AC2961003D29EF /* Main.storyboard in Resources */ = {isa = PBXBuildFile; fileRef = DEA1978320AC2961003D29EF /* Main.storyboard */; };
		DEA1978720AC2961003D29EF /* Assets.xcassets in Resources */ = {isa = PBXBuildFile; fileRef = DEA1978620AC2961003D29EF /* Assets.xcassets */; };
		DEA1978A20AC2961003D29EF /* LaunchScreen.storyboard in Resources */ = {isa = PBXBuildFile; fileRef = DEA1978820AC2961003D29EF /* LaunchScreen.storyboard */; };
		DEA1978D20AC2961003D29EF /* main.m in Sources */ = {isa = PBXBuildFile; fileRef = DEA1978C20AC2961003D29EF /* main.m */; };
		DEA1979720AC2962003D29EF /* XWLoadImageToolDemoTests.m in Sources */ = {isa = PBXBuildFile; fileRef = DEA1979620AC2962003D29EF /* XWLoadImageToolDemoTests.m */; };
		DEA197A220AC2962003D29EF /* XWLoadImageToolDemoUITests.m in Sources */ = {isa = PBXBuildFile; fileRef = DEA197A120AC2962003D29EF /* XWLoadImageToolDemoUITests.m */; };
		DEA197B420AC29C1003D29EF /* UIImageView+XWCategory.m in Sources */ = {isa = PBXBuildFile; fileRef = DEA197B220AC29C1003D29EF /* UIImageView+XWCategory.m */; };
		DEA197B520AC29C1003D29EF /* XWImageCacheManager.m in Sources */ = {isa = PBXBuildFile; fileRef = DEA197B320AC29C1003D29EF /* XWImageCacheManager.m */; };
/* End PBXBuildFile section */

/* Begin PBXContainerItemProxy section */
		DEA1979320AC2962003D29EF /* PBXContainerItemProxy */ = {
			isa = PBXContainerItemProxy;
			containerPortal = DEA1977220AC2961003D29EF /* Project object */;
			proxyType = 1;
			remoteGlobalIDString = DEA1977920AC2961003D29EF;
			remoteInfo = XWLoadImageToolDemo;
		};
		DEA1979E20AC2962003D29EF /* PBXContainerItemProxy */ = {
			isa = PBXContainerItemProxy;
			containerPortal = DEA1977220AC2961003D29EF /* Project object */;
			proxyType = 1;
			remoteGlobalIDString = DEA1977920AC2961003D29EF;
			remoteInfo = XWLoadImageToolDemo;
		};
/* End PBXContainerItemProxy section */

/* Begin PBXFileReference section */
		0D6F3A9AE26EABBDE4B191B5 /* Pods-XWLoadImageToolDemo.debug.xcconfig */ = {isa = PBXFileReference; includeInIndex = 1; lastKnownFileType = text.xcconfig; name = "Pods-XWLoadImageToolDemo.debug.xcconfig"; path = "Pods/Target Support Files/Pods-XWLoadImageToolDemo/Pods-XWLoadImageToolDemo.debug.xcconfig"; sourceTree = "<group>"; };
		1DFA0A735978309A2543567F /* Pods-XWLoadImageToolDemoTests.debug.xcconfig */ = {isa = PBXFileReference; includeInIndex = 1; lastKnownFileType = text.xcconfig; name = "Pods-XWLoadImageToolDemoTests.debug.xcconfig"; path = "Pods/Target Support Files/Pods-XWLoadImageToolDemoTests/Pods-XWLoadImageToolDemoTests.debug.xcconfig"; sourceTree = "<group>"; };
		6369AB44A78B1D1A0C275492 /* libPods-XWLoadImageToolDemoUITests.a */ = {isa = PBXFileReference; explicitFileType = archive.ar; includeInIndex = 0; path = "libPods-XWLoadImageToolDemoUITests.a"; sourceTree = BUILT_PRODUCTS_DIR; };
		676B36E6B75F395A4E3935A3 /* libPods-XWLoadImageToolDemo.a */ = {isa = PBXFileReference; explicitFileType = archive.ar; includeInIndex = 0; path = "libPods-XWLoadImageToolDemo.a"; sourceTree = BUILT_PRODUCTS_DIR; };
		688AC1494D8BF919DEE90136 /* Pods-XWLoadImageToolDemoUITests.release.xcconfig */ = {isa = PBXFileReference; includeInIndex = 1; lastKnownFileType = text.xcconfig; name = "Pods-XWLoadImageToolDemoUITests.release.xcconfig"; path = "Pods/Target Support Files/Pods-XWLoadImageToolDemoUITests/Pods-XWLoadImageToolDemoUITests.release.xcconfig"; sourceTree = "<group>"; };
		7D23572EE541E680B54BC358 /* Pods-XWLoadImageToolDemoUITests.debug.xcconfig */ = {isa = PBXFileReference; includeInIndex = 1; lastKnownFileType = text.xcconfig; name = "Pods-XWLoadImageToolDemoUITests.debug.xcconfig"; path = "Pods/Target Support Files/Pods-XWLoadImageToolDemoUITests/Pods-XWLoadImageToolDemoUITests.debug.xcconfig"; sourceTree = "<group>"; };
		A0DA88D3F7338A17D1B595BC /* Pods-XWLoadImageToolDemoTests.release.xcconfig */ = {isa = PBXFileReference; includeInIndex = 1; lastKnownFileType = text.xcconfig; name = "Pods-XWLoadImageToolDemoTests.release.xcconfig"; path = "Pods/Target Support Files/Pods-XWLoadImageToolDemoTests/Pods-XWLoadImageToolDemoTests.release.xcconfig"; sourceTree = "<group>"; };
		DE9AF34B20AC33B1003AFFCA /* TestImageCell.h */ = {isa = PBXFileReference; lastKnownFileType = sourcecode.c.h; path = TestImageCell.h; sourceTree = "<group>"; };
		DE9AF34C20AC33B1003AFFCA /* TestImageCell.m */ = {isa = PBXFileReference; lastKnownFileType = sourcecode.c.objc; path = TestImageCell.m; sourceTree = "<group>"; };
		DE9AF34D20AC33B1003AFFCA /* TestImageCell.xib */ = {isa = PBXFileReference; lastKnownFileType = file.xib; path = TestImageCell.xib; sourceTree = "<group>"; };
		DEA1977A20AC2961003D29EF /* XWLoadImageToolDemo.app */ = {isa = PBXFileReference; explicitFileType = wrapper.application; includeInIndex = 0; path = XWLoadImageToolDemo.app; sourceTree = BUILT_PRODUCTS_DIR; };
		DEA1977D20AC2961003D29EF /* AppDelegate.h */ = {isa = PBXFileReference; lastKnownFileType = sourcecode.c.h; path = AppDelegate.h; sourceTree = "<group>"; };
		DEA1977E20AC2961003D29EF /* AppDelegate.m */ = {isa = PBXFileReference; lastKnownFileType = sourcecode.c.objc; path = AppDelegate.m; sourceTree = "<group>"; };
		DEA1978020AC2961003D29EF /* ViewController.h */ = {isa = PBXFileReference; lastKnownFileType = sourcecode.c.h; path = ViewController.h; sourceTree = "<group>"; };
		DEA1978120AC2961003D29EF /* ViewController.m */ = {isa = PBXFileReference; lastKnownFileType = sourcecode.c.objc; path = ViewController.m; sourceTree = "<group>"; };
		DEA1978420AC2961003D29EF /* Base */ = {isa = PBXFileReference; lastKnownFileType = file.storyboard; name = Base; path = Base.lproj/Main.storyboard; sourceTree = "<group>"; };
		DEA1978620AC2961003D29EF /* Assets.xcassets */ = {isa = PBXFileReference; lastKnownFileType = folder.assetcatalog; path = Assets.xcassets; sourceTree = "<group>"; };
		DEA1978920AC2961003D29EF /* Base */ = {isa = PBXFileReference; lastKnownFileType = file.storyboard; name = Base; path = Base.lproj/LaunchScreen.storyboard; sourceTree = "<group>"; };
		DEA1978B20AC2961003D29EF /* Info.plist */ = {isa = PBXFileReference; lastKnownFileType = text.plist.xml; path = Info.plist; sourceTree = "<group>"; };
		DEA1978C20AC2961003D29EF /* main.m */ = {isa = PBXFileReference; lastKnownFileType = sourcecode.c.objc; path = main.m; sourceTree = "<group>"; };
		DEA1979220AC2962003D29EF /* XWLoadImageToolDemoTests.xctest */ = {isa = PBXFileReference; explicitFileType = wrapper.cfbundle; includeInIndex = 0; path = XWLoadImageToolDemoTests.xctest; sourceTree = BUILT_PRODUCTS_DIR; };
		DEA1979620AC2962003D29EF /* XWLoadImageToolDemoTests.m */ = {isa = PBXFileReference; lastKnownFileType = sourcecode.c.objc; path = XWLoadImageToolDemoTests.m; sourceTree = "<group>"; };
		DEA1979820AC2962003D29EF /* Info.plist */ = {isa = PBXFileReference; lastKnownFileType = text.plist.xml; path = Info.plist; sourceTree = "<group>"; };
		DEA1979D20AC2962003D29EF /* XWLoadImageToolDemoUITests.xctest */ = {isa = PBXFileReference; explicitFileType = wrapper.cfbundle; includeInIndex = 0; path = XWLoadImageToolDemoUITests.xctest; sourceTree = BUILT_PRODUCTS_DIR; };
		DEA197A120AC2962003D29EF /* XWLoadImageToolDemoUITests.m */ = {isa = PBXFileReference; lastKnownFileType = sourcecode.c.objc; path = XWLoadImageToolDemoUITests.m; sourceTree = "<group>"; };
		DEA197A320AC2962003D29EF /* Info.plist */ = {isa = PBXFileReference; lastKnownFileType = text.plist.xml; path = Info.plist; sourceTree = "<group>"; };
		DEA197B020AC29C1003D29EF /* UIImageView+XWCategory.h */ = {isa = PBXFileReference; fileEncoding = 4; lastKnownFileType = sourcecode.c.h; path = "UIImageView+XWCategory.h"; sourceTree = "<group>"; };
		DEA197B120AC29C1003D29EF /* XWImageCacheManager.h */ = {isa = PBXFileReference; fileEncoding = 4; lastKnownFileType = sourcecode.c.h; path = XWImageCacheManager.h; sourceTree = "<group>"; };
		DEA197B220AC29C1003D29EF /* UIImageView+XWCategory.m */ = {isa = PBXFileReference; fileEncoding = 4; lastKnownFileType = sourcecode.c.objc; path = "UIImageView+XWCategory.m"; sourceTree = "<group>"; };
		DEA197B320AC29C1003D29EF /* XWImageCacheManager.m */ = {isa = PBXFileReference; fileEncoding = 4; lastKnownFileType = sourcecode.c.objc; path = XWImageCacheManager.m; sourceTree = "<group>"; };
		DEC43925AE45985B50B3398D /* libPods-XWLoadImageToolDemoTests.a */ = {isa = PBXFileReference; explicitFileType = archive.ar; includeInIndex = 0; path = "libPods-XWLoadImageToolDemoTests.a"; sourceTree = BUILT_PRODUCTS_DIR; };
		F2190F491122C2879DE448BD /* Pods-XWLoadImageToolDemo.release.xcconfig */ = {isa = PBXFileReference; includeInIndex = 1; lastKnownFileType = text.xcconfig; name = "Pods-XWLoadImageToolDemo.release.xcconfig"; path = "Pods/Target Support Files/Pods-XWLoadImageToolDemo/Pods-XWLoadImageToolDemo.release.xcconfig"; sourceTree = "<group>"; };
/* End PBXFileReference section */

/* Begin PBXFrameworksBuildPhase section */
		DEA1977720AC2961003D29EF /* Frameworks */ = {
			isa = PBXFrameworksBuildPhase;
			buildActionMask = 2147483647;
			files = (
				40CEF5D1D96014E48454AA53 /* libPods-XWLoadImageToolDemo.a in Frameworks */,
			);
			runOnlyForDeploymentPostprocessing = 0;
		};
		DEA1978F20AC2962003D29EF /* Frameworks */ = {
			isa = PBXFrameworksBuildPhase;
			buildActionMask = 2147483647;
			files = (
				4E03FA7F03D2B39507D75D84 /* libPods-XWLoadImageToolDemoTests.a in Frameworks */,
			);
			runOnlyForDeploymentPostprocessing = 0;
		};
		DEA1979A20AC2962003D29EF /* Frameworks */ = {
			isa = PBXFrameworksBuildPhase;
			buildActionMask = 2147483647;
			files = (
				AFA5052F5B86A181C5A01BD9 /* libPods-XWLoadImageToolDemoUITests.a in Frameworks */,
			);
			runOnlyForDeploymentPostprocessing = 0;
		};
/* End PBXFrameworksBuildPhase section */

/* Begin PBXGroup section */
		046158A9E801618ED14F81D7 /* Frameworks */ = {
			isa = PBXGroup;
			children = (
				676B36E6B75F395A4E3935A3 /* libPods-XWLoadImageToolDemo.a */,
				DEC43925AE45985B50B3398D /* libPods-XWLoadImageToolDemoTests.a */,
				6369AB44A78B1D1A0C275492 /* libPods-XWLoadImageToolDemoUITests.a */,
			);
			name = Frameworks;
			sourceTree = "<group>";
		};
		6F4192D14034ED0D1956D344 /* Pods */ = {
			isa = PBXGroup;
			children = (
				0D6F3A9AE26EABBDE4B191B5 /* Pods-XWLoadImageToolDemo.debug.xcconfig */,
				F2190F491122C2879DE448BD /* Pods-XWLoadImageToolDemo.release.xcconfig */,
				1DFA0A735978309A2543567F /* Pods-XWLoadImageToolDemoTests.debug.xcconfig */,
				A0DA88D3F7338A17D1B595BC /* Pods-XWLoadImageToolDemoTests.release.xcconfig */,
				7D23572EE541E680B54BC358 /* Pods-XWLoadImageToolDemoUITests.debug.xcconfig */,
				688AC1494D8BF919DEE90136 /* Pods-XWLoadImageToolDemoUITests.release.xcconfig */,
			);
			name = Pods;
			sourceTree = "<group>";
		};
		DEA1977120AC2961003D29EF = {
			isa = PBXGroup;
			children = (
				DEA1977C20AC2961003D29EF /* XWLoadImageToolDemo */,
				DEA1979520AC2962003D29EF /* XWLoadImageToolDemoTests */,
				DEA197A020AC2962003D29EF /* XWLoadImageToolDemoUITests */,
				DEA1977B20AC2961003D29EF /* Products */,
				6F4192D14034ED0D1956D344 /* Pods */,
				046158A9E801618ED14F81D7 /* Frameworks */,
			);
			sourceTree = "<group>";
		};
		DEA1977B20AC2961003D29EF /* Products */ = {
			isa = PBXGroup;
			children = (
				DEA1977A20AC2961003D29EF /* XWLoadImageToolDemo.app */,
				DEA1979220AC2962003D29EF /* XWLoadImageToolDemoTests.xctest */,
				DEA1979D20AC2962003D29EF /* XWLoadImageToolDemoUITests.xctest */,
			);
			name = Products;
			sourceTree = "<group>";
		};
		DEA1977C20AC2961003D29EF /* XWLoadImageToolDemo */ = {
			isa = PBXGroup;
			children = (
				DEA197AF20AC29C1003D29EF /* XWLoadImageTool */,
				DEA1977D20AC2961003D29EF /* AppDelegate.h */,
				DEA1977E20AC2961003D29EF /* AppDelegate.m */,
				DEA1978020AC2961003D29EF /* ViewController.h */,
				DEA1978120AC2961003D29EF /* ViewController.m */,
				DE9AF34B20AC33B1003AFFCA /* TestImageCell.h */,
				DE9AF34C20AC33B1003AFFCA /* TestImageCell.m */,
				DE9AF34D20AC33B1003AFFCA /* TestImageCell.xib */,
				DEA1978320AC2961003D29EF /* Main.storyboard */,
				DEA1978620AC2961003D29EF /* Assets.xcassets */,
				DEA1978820AC2961003D29EF /* LaunchScreen.storyboard */,
				DEA1978B20AC2961003D29EF /* Info.plist */,
				DEA1978C20AC2961003D29EF /* main.m */,
			);
			path = XWLoadImageToolDemo;
			sourceTree = "<group>";
		};
		DEA1979520AC2962003D29EF /* XWLoadImageToolDemoTests */ = {
			isa = PBXGroup;
			children = (
				DEA1979620AC2962003D29EF /* XWLoadImageToolDemoTests.m */,
				DEA1979820AC2962003D29EF /* Info.plist */,
			);
			path = XWLoadImageToolDemoTests;
			sourceTree = "<group>";
		};
		DEA197A020AC2962003D29EF /* XWLoadImageToolDemoUITests */ = {
			isa = PBXGroup;
			children = (
				DEA197A120AC2962003D29EF /* XWLoadImageToolDemoUITests.m */,
				DEA197A320AC2962003D29EF /* Info.plist */,
			);
			path = XWLoadImageToolDemoUITests;
			sourceTree = "<group>";
		};
		DEA197AF20AC29C1003D29EF /* XWLoadImageTool */ = {
			isa = PBXGroup;
			children = (
				DEA197B020AC29C1003D29EF /* UIImageView+XWCategory.h */,
				DEA197B220AC29C1003D29EF /* UIImageView+XWCategory.m */,
				DEA197B120AC29C1003D29EF /* XWImageCacheManager.h */,
				DEA197B320AC29C1003D29EF /* XWImageCacheManager.m */,
			);
			path = XWLoadImageTool;
			sourceTree = "<group>";
		};
/* End PBXGroup section */

/* Begin PBXNativeTarget section */
		DEA1977920AC2961003D29EF /* XWLoadImageToolDemo */ = {
			isa = PBXNativeTarget;
			buildConfigurationList = DEA197A620AC2962003D29EF /* Build configuration list for PBXNativeTarget "XWLoadImageToolDemo" */;
			buildPhases = (
				CB1701F932BABF1B849E67C6 /* [CP] Check Pods Manifest.lock */,
				DEA1977620AC2961003D29EF /* Sources */,
				DEA1977720AC2961003D29EF /* Frameworks */,
				DEA1977820AC2961003D29EF /* Resources */,
			);
			buildRules = (
			);
			dependencies = (
			);
			name = XWLoadImageToolDemo;
			productName = XWLoadImageToolDemo;
			productReference = DEA1977A20AC2961003D29EF /* XWLoadImageToolDemo.app */;
			productType = "com.apple.product-type.application";
		};
		DEA1979120AC2962003D29EF /* XWLoadImageToolDemoTests */ = {
			isa = PBXNativeTarget;
			buildConfigurationList = DEA197A920AC2962003D29EF /* Build configuration list for PBXNativeTarget "XWLoadImageToolDemoTests" */;
			buildPhases = (
				A8F88A3D4C059A5685760A1E /* [CP] Check Pods Manifest.lock */,
				DEA1978E20AC2962003D29EF /* Sources */,
				DEA1978F20AC2962003D29EF /* Frameworks */,
				DEA1979020AC2962003D29EF /* Resources */,
			);
			buildRules = (
			);
			dependencies = (
				DEA1979420AC2962003D29EF /* PBXTargetDependency */,
			);
			name = XWLoadImageToolDemoTests;
			productName = XWLoadImageToolDemoTests;
			productReference = DEA1979220AC2962003D29EF /* XWLoadImageToolDemoTests.xctest */;
			productType = "com.apple.product-type.bundle.unit-test";
		};
		DEA1979C20AC2962003D29EF /* XWLoadImageToolDemoUITests */ = {
			isa = PBXNativeTarget;
			buildConfigurationList = DEA197AC20AC2962003D29EF /* Build configuration list for PBXNativeTarget "XWLoadImageToolDemoUITests" */;
			buildPhases = (
				B73C5566DB7C603BAEFC8559 /* [CP] Check Pods Manifest.lock */,
				DEA1979920AC2962003D29EF /* Sources */,
				DEA1979A20AC2962003D29EF /* Frameworks */,
				DEA1979B20AC2962003D29EF /* Resources */,
			);
			buildRules = (
			);
			dependencies = (
				DEA1979F20AC2962003D29EF /* PBXTargetDependency */,
			);
			name = XWLoadImageToolDemoUITests;
			productName = XWLoadImageToolDemoUITests;
			productReference = DEA1979D20AC2962003D29EF /* XWLoadImageToolDemoUITests.xctest */;
			productType = "com.apple.product-type.bundle.ui-testing";
		};
/* End PBXNativeTarget section */

/* Begin PBXProject section */
		DEA1977220AC2961003D29EF /* Project object */ = {
			isa = PBXProject;
			attributes = {
				LastUpgradeCheck = 0930;
				ORGANIZATIONNAME = "邱学伟";
				TargetAttributes = {
					DEA1977920AC2961003D29EF = {
						CreatedOnToolsVersion = 9.3.1;
					};
					DEA1979120AC2962003D29EF = {
						CreatedOnToolsVersion = 9.3.1;
						TestTargetID = DEA1977920AC2961003D29EF;
					};
					DEA1979C20AC2962003D29EF = {
						CreatedOnToolsVersion = 9.3.1;
						TestTargetID = DEA1977920AC2961003D29EF;
					};
				};
			};
			buildConfigurationList = DEA1977520AC2961003D29EF /* Build configuration list for PBXProject "XWLoadImageToolDemo" */;
			compatibilityVersion = "Xcode 9.3";
			developmentRegion = en;
			hasScannedForEncodings = 0;
			knownRegions = (
				en,
				Base,
			);
			mainGroup = DEA1977120AC2961003D29EF;
			productRefGroup = DEA1977B20AC2961003D29EF /* Products */;
			projectDirPath = "";
			projectRoot = "";
			targets = (
				DEA1977920AC2961003D29EF /* XWLoadImageToolDemo */,
				DEA1979120AC2962003D29EF /* XWLoadImageToolDemoTests */,
				DEA1979C20AC2962003D29EF /* XWLoadImageToolDemoUITests */,
			);
		};
/* End PBXProject section */

/* Begin PBXResourcesBuildPhase section */
		DEA1977820AC2961003D29EF /* Resources */ = {
			isa = PBXResourcesBuildPhase;
			buildActionMask = 2147483647;
			files = (
				DEA1978A20AC2961003D29EF /* LaunchScreen.storyboard in Resources */,
				DE9AF34F20AC33B1003AFFCA /* TestImageCell.xib in Resources */,
				DEA1978720AC2961003D29EF /* Assets.xcassets in Resources */,
				DEA1978520AC2961003D29EF /* Main.storyboard in Resources */,
			);
			runOnlyForDeploymentPostprocessing = 0;
		};
		DEA1979020AC2962003D29EF /* Resources */ = {
			isa = PBXResourcesBuildPhase;
			buildActionMask = 2147483647;
			files = (
			);
			runOnlyForDeploymentPostprocessing = 0;
		};
		DEA1979B20AC2962003D29EF /* Resources */ = {
			isa = PBXResourcesBuildPhase;
			buildActionMask = 2147483647;
			files = (
			);
			runOnlyForDeploymentPostprocessing = 0;
		};
/* End PBXResourcesBuildPhase section */

/* Begin PBXShellScriptBuildPhase section */
		A8F88A3D4C059A5685760A1E /* [CP] Check Pods Manifest.lock */ = {
			isa = PBXShellScriptBuildPhase;
			buildActionMask = 2147483647;
			files = (
			);
			inputPaths = (
				"${PODS_PODFILE_DIR_PATH}/Podfile.lock",
				"${PODS_ROOT}/Manifest.lock",
			);
			name = "[CP] Check Pods Manifest.lock";
			outputPaths = (
				"$(DERIVED_FILE_DIR)/Pods-XWLoadImageToolDemoTests-checkManifestLockResult.txt",
			);
			runOnlyForDeploymentPostprocessing = 0;
			shellPath = /bin/sh;
			shellScript = "diff \"${PODS_PODFILE_DIR_PATH}/Podfile.lock\" \"${PODS_ROOT}/Manifest.lock\" > /dev/null\nif [ $? != 0 ] ; then\n    # print error to STDERR\n    echo \"error: The sandbox is not in sync with the Podfile.lock. Run 'pod install' or update your CocoaPods installation.\" >&2\n    exit 1\nfi\n# This output is used by Xcode 'outputs' to avoid re-running this script phase.\necho \"SUCCESS\" > \"${SCRIPT_OUTPUT_FILE_0}\"\n";
			showEnvVarsInLog = 0;
		};
		B73C5566DB7C603BAEFC8559 /* [CP] Check Pods Manifest.lock */ = {
			isa = PBXShellScriptBuildPhase;
			buildActionMask = 2147483647;
			files = (
			);
			inputPaths = (
				"${PODS_PODFILE_DIR_PATH}/Podfile.lock",
				"${PODS_ROOT}/Manifest.lock",
			);
			name = "[CP] Check Pods Manifest.lock";
			outputPaths = (
				"$(DERIVED_FILE_DIR)/Pods-XWLoadImageToolDemoUITests-checkManifestLockResult.txt",
			);
			runOnlyForDeploymentPostprocessing = 0;
			shellPath = /bin/sh;
			shellScript = "diff \"${PODS_PODFILE_DIR_PATH}/Podfile.lock\" \"${PODS_ROOT}/Manifest.lock\" > /dev/null\nif [ $? != 0 ] ; then\n    # print error to STDERR\n    echo \"error: The sandbox is not in sync with the Podfile.lock. Run 'pod install' or update your CocoaPods installation.\" >&2\n    exit 1\nfi\n# This output is used by Xcode 'outputs' to avoid re-running this script phase.\necho \"SUCCESS\" > \"${SCRIPT_OUTPUT_FILE_0}\"\n";
			showEnvVarsInLog = 0;
		};
		CB1701F932BABF1B849E67C6 /* [CP] Check Pods Manifest.lock */ = {
			isa = PBXShellScriptBuildPhase;
			buildActionMask = 2147483647;
			files = (
			);
			inputPaths = (
				"${PODS_PODFILE_DIR_PATH}/Podfile.lock",
				"${PODS_ROOT}/Manifest.lock",
			);
			name = "[CP] Check Pods Manifest.lock";
			outputPaths = (
				"$(DERIVED_FILE_DIR)/Pods-XWLoadImageToolDemo-checkManifestLockResult.txt",
			);
			runOnlyForDeploymentPostprocessing = 0;
			shellPath = /bin/sh;
			shellScript = "diff \"${PODS_PODFILE_DIR_PATH}/Podfile.lock\" \"${PODS_ROOT}/Manifest.lock\" > /dev/null\nif [ $? != 0 ] ; then\n    # print error to STDERR\n    echo \"error: The sandbox is not in sync with the Podfile.lock. Run 'pod install' or update your CocoaPods installation.\" >&2\n    exit 1\nfi\n# This output is used by Xcode 'outputs' to avoid re-running this script phase.\necho \"SUCCESS\" > \"${SCRIPT_OUTPUT_FILE_0}\"\n";
			showEnvVarsInLog = 0;
		};
/* End PBXShellScriptBuildPhase section */

/* Begin PBXSourcesBuildPhase section */
		DEA1977620AC2961003D29EF /* Sources */ = {
			isa = PBXSourcesBuildPhase;
			buildActionMask = 2147483647;
			files = (
				DEA1978220AC2961003D29EF /* ViewController.m in Sources */,
				DE9AF34E20AC33B1003AFFCA /* TestImageCell.m in Sources */,
				DEA1978D20AC2961003D29EF /* main.m in Sources */,
				DEA1977F20AC2961003D29EF /* AppDelegate.m in Sources */,
				DEA197B520AC29C1003D29EF /* XWImageCacheManager.m in Sources */,
				DEA197B420AC29C1003D29EF /* UIImageView+XWCategory.m in Sources */,
			);
			runOnlyForDeploymentPostprocessing = 0;
		};
		DEA1978E20AC2962003D29EF /* Sources */ = {
			isa = PBXSourcesBuildPhase;
			buildActionMask = 2147483647;
			files = (
				DEA1979720AC2962003D29EF /* XWLoadImageToolDemoTests.m in Sources */,
			);
			runOnlyForDeploymentPostprocessing = 0;
		};
		DEA1979920AC2962003D29EF /* Sources */ = {
			isa = PBXSourcesBuildPhase;
			buildActionMask = 2147483647;
			files = (
				DEA197A220AC2962003D29EF /* XWLoadImageToolDemoUITests.m in Sources */,
			);
			runOnlyForDeploymentPostprocessing = 0;
		};
/* End PBXSourcesBuildPhase section */

/* Begin PBXTargetDependency section */
		DEA1979420AC2962003D29EF /* PBXTargetDependency */ = {
			isa = PBXTargetDependency;
			target = DEA1977920AC2961003D29EF /* XWLoadImageToolDemo */;
			targetProxy = DEA1979320AC2962003D29EF /* PBXContainerItemProxy */;
		};
		DEA1979F20AC2962003D29EF /* PBXTargetDependency */ = {
			isa = PBXTargetDependency;
			target = DEA1977920AC2961003D29EF /* XWLoadImageToolDemo */;
			targetProxy = DEA1979E20AC2962003D29EF /* PBXContainerItemProxy */;
		};
/* End PBXTargetDependency section */

/* Begin PBXVariantGroup section */
		DEA1978320AC2961003D29EF /* Main.storyboard */ = {
			isa = PBXVariantGroup;
			children = (
				DEA1978420AC2961003D29EF /* Base */,
			);
			name = Main.storyboard;
			sourceTree = "<group>";
		};
		DEA1978820AC2961003D29EF /* LaunchScreen.storyboard */ = {
			isa = PBXVariantGroup;
			children = (
				DEA1978920AC2961003D29EF /* Base */,
			);
			name = LaunchScreen.storyboard;
			sourceTree = "<group>";
		};
/* End PBXVariantGroup section */

/* Begin XCBuildConfiguration section */
		DEA197A420AC2962003D29EF /* Debug */ = {
			isa = XCBuildConfiguration;
			buildSettings = {
				ALWAYS_SEARCH_USER_PATHS = NO;
				CLANG_ANALYZER_NONNULL = YES;
				CLANG_ANALYZER_NUMBER_OBJECT_CONVERSION = YES_AGGRESSIVE;
				CLANG_CXX_LANGUAGE_STANDARD = "gnu++14";
				CLANG_CXX_LIBRARY = "libc++";
				CLANG_ENABLE_MODULES = YES;
				CLANG_ENABLE_OBJC_ARC = YES;
				CLANG_ENABLE_OBJC_WEAK = YES;
				CLANG_WARN_BLOCK_CAPTURE_AUTORELEASING = YES;
				CLANG_WARN_BOOL_CONVERSION = YES;
				CLANG_WARN_COMMA = YES;
				CLANG_WARN_CONSTANT_CONVERSION = YES;
				CLANG_WARN_DEPRECATED_OBJC_IMPLEMENTATIONS = YES;
				CLANG_WARN_DIRECT_OBJC_ISA_USAGE = YES_ERROR;
				CLANG_WARN_DOCUMENTATION_COMMENTS = YES;
				CLANG_WARN_EMPTY_BODY = YES;
				CLANG_WARN_ENUM_CONVERSION = YES;
				CLANG_WARN_INFINITE_RECURSION = YES;
				CLANG_WARN_INT_CONVERSION = YES;
				CLANG_WARN_NON_LITERAL_NULL_CONVERSION = YES;
				CLANG_WARN_OBJC_IMPLICIT_RETAIN_SELF = YES;
				CLANG_WARN_OBJC_LITERAL_CONVERSION = YES;
				CLANG_WARN_OBJC_ROOT_CLASS = YES_ERROR;
				CLANG_WARN_RANGE_LOOP_ANALYSIS = YES;
				CLANG_WARN_STRICT_PROTOTYPES = YES;
				CLANG_WARN_SUSPICIOUS_MOVE = YES;
				CLANG_WARN_UNGUARDED_AVAILABILITY = YES_AGGRESSIVE;
				CLANG_WARN_UNREACHABLE_CODE = YES;
				CLANG_WARN__DUPLICATE_METHOD_MATCH = YES;
				CODE_SIGN_IDENTITY = "iPhone Developer";
				COPY_PHASE_STRIP = NO;
				DEBUG_INFORMATION_FORMAT = dwarf;
				ENABLE_STRICT_OBJC_MSGSEND = YES;
				ENABLE_TESTABILITY = YES;
				GCC_C_LANGUAGE_STANDARD = gnu11;
				GCC_DYNAMIC_NO_PIC = NO;
				GCC_NO_COMMON_BLOCKS = YES;
				GCC_OPTIMIZATION_LEVEL = 0;
				GCC_PREPROCESSOR_DEFINITIONS = (
					"DEBUG=1",
					"$(inherited)",
				);
				GCC_WARN_64_TO_32_BIT_CONVERSION = YES;
				GCC_WARN_ABOUT_RETURN_TYPE = YES_ERROR;
				GCC_WARN_UNDECLARED_SELECTOR = YES;
				GCC_WARN_UNINITIALIZED_AUTOS = YES_AGGRESSIVE;
				GCC_WARN_UNUSED_FUNCTION = YES;
				GCC_WARN_UNUSED_VARIABLE = YES;
				IPHONEOS_DEPLOYMENT_TARGET = 11.3;
				MTL_ENABLE_DEBUG_INFO = YES;
				ONLY_ACTIVE_ARCH = YES;
				SDKROOT = iphoneos;
			};
			name = Debug;
		};
		DEA197A520AC2962003D29EF /* Release */ = {
			isa = XCBuildConfiguration;
			buildSettings = {
				ALWAYS_SEARCH_USER_PATHS = NO;
				CLANG_ANALYZER_NONNULL = YES;
				CLANG_ANALYZER_NUMBER_OBJECT_CONVERSION = YES_AGGRESSIVE;
				CLANG_CXX_LANGUAGE_STANDARD = "gnu++14";
				CLANG_CXX_LIBRARY = "libc++";
				CLANG_ENABLE_MODULES = YES;
				CLANG_ENABLE_OBJC_ARC = YES;
				CLANG_ENABLE_OBJC_WEAK = YES;
				CLANG_WARN_BLOCK_CAPTURE_AUTORELEASING = YES;
				CLANG_WARN_BOOL_CONVERSION = YES;
				CLANG_WARN_COMMA = YES;
				CLANG_WARN_CONSTANT_CONVERSION = YES;
				CLANG_WARN_DEPRECATED_OBJC_IMPLEMENTATIONS = YES;
				CLANG_WARN_DIRECT_OBJC_ISA_USAGE = YES_ERROR;
				CLANG_WARN_DOCUMENTATION_COMMENTS = YES;
				CLANG_WARN_EMPTY_BODY = YES;
				CLANG_WARN_ENUM_CONVERSION = YES;
				CLANG_WARN_INFINITE_RECURSION = YES;
				CLANG_WARN_INT_CONVERSION = YES;
				CLANG_WARN_NON_LITERAL_NULL_CONVERSION = YES;
				CLANG_WARN_OBJC_IMPLICIT_RETAIN_SELF = YES;
				CLANG_WARN_OBJC_LITERAL_CONVERSION = YES;
				CLANG_WARN_OBJC_ROOT_CLASS = YES_ERROR;
				CLANG_WARN_RANGE_LOOP_ANALYSIS = YES;
				CLANG_WARN_STRICT_PROTOTYPES = YES;
				CLANG_WARN_SUSPICIOUS_MOVE = YES;
				CLANG_WARN_UNGUARDED_AVAILABILITY = YES_AGGRESSIVE;
				CLANG_WARN_UNREACHABLE_CODE = YES;
				CLANG_WARN__DUPLICATE_METHOD_MATCH = YES;
				CODE_SIGN_IDENTITY = "iPhone Developer";
				COPY_PHASE_STRIP = NO;
				DEBUG_INFORMATION_FORMAT = "dwarf-with-dsym";
				ENABLE_NS_ASSERTIONS = NO;
				ENABLE_STRICT_OBJC_MSGSEND = YES;
				GCC_C_LANGUAGE_STANDARD = gnu11;
				GCC_NO_COMMON_BLOCKS = YES;
				GCC_WARN_64_TO_32_BIT_CONVERSION = YES;
				GCC_WARN_ABOUT_RETURN_TYPE = YES_ERROR;
				GCC_WARN_UNDECLARED_SELECTOR = YES;
				GCC_WARN_UNINITIALIZED_AUTOS = YES_AGGRESSIVE;
				GCC_WARN_UNUSED_FUNCTION = YES;
				GCC_WARN_UNUSED_VARIABLE = YES;
				IPHONEOS_DEPLOYMENT_TARGET = 11.3;
				MTL_ENABLE_DEBUG_INFO = NO;
				SDKROOT = iphoneos;
				VALIDATE_PRODUCT = YES;
			};
			name = Release;
		};
		DEA197A720AC2962003D29EF /* Debug */ = {
			isa = XCBuildConfiguration;
			baseConfigurationReference = 0D6F3A9AE26EABBDE4B191B5 /* Pods-XWLoadImageToolDemo.debug.xcconfig */;
			buildSettings = {
				ASSETCATALOG_COMPILER_APPICON_NAME = AppIcon;
				CODE_SIGN_STYLE = Automatic;
				DEVELOPMENT_TEAM = EFBGB9EWP5;
				INFOPLIST_FILE = XWLoadImageToolDemo/Info.plist;
				LD_RUNPATH_SEARCH_PATHS = (
					"$(inherited)",
					"@executable_path/Frameworks",
				);
				PRODUCT_BUNDLE_IDENTIFIER = com.qiuxuewei.XWLoadImageToolDemo;
				PRODUCT_NAME = "$(TARGET_NAME)";
				TARGETED_DEVICE_FAMILY = "1,2";
			};
			name = Debug;
		};
		DEA197A820AC2962003D29EF /* Release */ = {
			isa = XCBuildConfiguration;
			baseConfigurationReference = F2190F491122C2879DE448BD /* Pods-XWLoadImageToolDemo.release.xcconfig */;
			buildSettings = {
				ASSETCATALOG_COMPILER_APPICON_NAME = AppIcon;
				CODE_SIGN_STYLE = Automatic;
				DEVELOPMENT_TEAM = EFBGB9EWP5;
				INFOPLIST_FILE = XWLoadImageToolDemo/Info.plist;
				LD_RUNPATH_SEARCH_PATHS = (
					"$(inherited)",
					"@executable_path/Frameworks",
				);
				PRODUCT_BUNDLE_IDENTIFIER = com.qiuxuewei.XWLoadImageToolDemo;
				PRODUCT_NAME = "$(TARGET_NAME)";
				TARGETED_DEVICE_FAMILY = "1,2";
			};
			name = Release;
		};
		DEA197AA20AC2962003D29EF /* Debug */ = {
			isa = XCBuildConfiguration;
			baseConfigurationReference = 1DFA0A735978309A2543567F /* Pods-XWLoadImageToolDemoTests.debug.xcconfig */;
			buildSettings = {
				BUNDLE_LOADER = "$(TEST_HOST)";
				CODE_SIGN_STYLE = Automatic;
				INFOPLIST_FILE = XWLoadImageToolDemoTests/Info.plist;
				LD_RUNPATH_SEARCH_PATHS = (
					"$(inherited)",
					"@executable_path/Frameworks",
					"@loader_path/Frameworks",
				);
				PRODUCT_BUNDLE_IDENTIFIER = com.qiuxuewei.XWLoadImageToolDemoTests;
				PRODUCT_NAME = "$(TARGET_NAME)";
				TARGETED_DEVICE_FAMILY = "1,2";
				TEST_HOST = "$(BUILT_PRODUCTS_DIR)/XWLoadImageToolDemo.app/XWLoadImageToolDemo";
			};
			name = Debug;
		};
		DEA197AB20AC2962003D29EF /* Release */ = {
			isa = XCBuildConfiguration;
			baseConfigurationReference = A0DA88D3F7338A17D1B595BC /* Pods-XWLoadImageToolDemoTests.release.xcconfig */;
			buildSettings = {
				BUNDLE_LOADER = "$(TEST_HOST)";
				CODE_SIGN_STYLE = Automatic;
				INFOPLIST_FILE = XWLoadImageToolDemoTests/Info.plist;
				LD_RUNPATH_SEARCH_PATHS = (
					"$(inherited)",
					"@executable_path/Frameworks",
					"@loader_path/Frameworks",
				);
				PRODUCT_BUNDLE_IDENTIFIER = com.qiuxuewei.XWLoadImageToolDemoTests;
				PRODUCT_NAME = "$(TARGET_NAME)";
				TARGETED_DEVICE_FAMILY = "1,2";
				TEST_HOST = "$(BUILT_PRODUCTS_DIR)/XWLoadImageToolDemo.app/XWLoadImageToolDemo";
			};
			name = Release;
		};
		DEA197AD20AC2962003D29EF /* Debug */ = {
			isa = XCBuildConfiguration;
			baseConfigurationReference = 7D23572EE541E680B54BC358 /* Pods-XWLoadImageToolDemoUITests.debug.xcconfig */;
			buildSettings = {
				CODE_SIGN_STYLE = Automatic;
				INFOPLIST_FILE = XWLoadImageToolDemoUITests/Info.plist;
				LD_RUNPATH_SEARCH_PATHS = (
					"$(inherited)",
					"@executable_path/Frameworks",
					"@loader_path/Frameworks",
				);
				PRODUCT_BUNDLE_IDENTIFIER = com.qiuxuewei.XWLoadImageToolDemoUITests;
				PRODUCT_NAME = "$(TARGET_NAME)";
				TARGETED_DEVICE_FAMILY = "1,2";
				TEST_TARGET_NAME = XWLoadImageToolDemo;
			};
			name = Debug;
		};
		DEA197AE20AC2962003D29EF /* Release */ = {
			isa = XCBuildConfiguration;
			baseConfigurationReference = 688AC1494D8BF919DEE90136 /* Pods-XWLoadImageToolDemoUITests.release.xcconfig */;
			buildSettings = {
				CODE_SIGN_STYLE = Automatic;
				INFOPLIST_FILE = XWLoadImageToolDemoUITests/Info.plist;
				LD_RUNPATH_SEARCH_PATHS = (
					"$(inherited)",
					"@executable_path/Frameworks",
					"@loader_path/Frameworks",
				);
				PRODUCT_BUNDLE_IDENTIFIER = com.qiuxuewei.XWLoadImageToolDemoUITests;
				PRODUCT_NAME = "$(TARGET_NAME)";
				TARGETED_DEVICE_FAMILY = "1,2";
				TEST_TARGET_NAME = XWLoadImageToolDemo;
			};
			name = Release;
		};
/* End XCBuildConfiguration section */

/* Begin XCConfigurationList section */
		DEA1977520AC2961003D29EF /* Build configuration list for PBXProject "XWLoadImageToolDemo" */ = {
			isa = XCConfigurationList;
			buildConfigurations = (
				DEA197A420AC2962003D29EF /* Debug */,
				DEA197A520AC2962003D29EF /* Release */,
			);
			defaultConfigurationIsVisible = 0;
			defaultConfigurationName = Release;
		};
		DEA197A620AC2962003D29EF /* Build configuration list for PBXNativeTarget "XWLoadImageToolDemo" */ = {
			isa = XCConfigurationList;
			buildConfigurations = (
				DEA197A720AC2962003D29EF /* Debug */,
				DEA197A820AC2962003D29EF /* Release */,
			);
			defaultConfigurationIsVisible = 0;
			defaultConfigurationName = Release;
		};
		DEA197A920AC2962003D29EF /* Build configuration list for PBXNativeTarget "XWLoadImageToolDemoTests" */ = {
			isa = XCConfigurationList;
			buildConfigurations = (
				DEA197AA20AC2962003D29EF /* Debug */,
				DEA197AB20AC2962003D29EF /* Release */,
			);
			defaultConfigurationIsVisible = 0;
			defaultConfigurationName = Release;
		};
		DEA197AC20AC2962003D29EF /* Build configuration list for PBXNativeTarget "XWLoadImageToolDemoUITests" */ = {
			isa = XCConfigurationList;
			buildConfigurations = (
				DEA197AD20AC2962003D29EF /* Debug */,
				DEA197AE20AC2962003D29EF /* Release */,
			);
			defaultConfigurationIsVisible = 0;
			defaultConfigurationName = Release;
		};
/* End XCConfigurationList section */
	};
	rootObject = DEA1977220AC2961003D29EF /* Project object */;
}
