// !$*UTF8*$!
{
	archiveVersion = 1;
	classes = {
	};
	objectVersion = 50;
	objects = {

/* Begin PBXBuildFile section */
		DE9487A320B66A4C00DF3CD3 /* AppDelegate.m in Sources */ = {isa = PBXBuildFile; fileRef = DE9487A220B66A4C00DF3CD3 /* AppDelegate.m */; };
		DE9487A620B66A4C00DF3CD3 /* ViewController.m in Sources */ = {isa = PBXBuildFile; fileRef = DE9487A520B66A4C00DF3CD3 /* ViewController.m */; };
		DE9487A920B66A4C00DF3CD3 /* Main.storyboard in Resources */ = {isa = PBXBuildFile; fileRef = DE9487A720B66A4C00DF3CD3 /* Main.storyboard */; };
		DE9487AB20B66A4D00DF3CD3 /* Assets.xcassets in Resources */ = {isa = PBXBuildFile; fileRef = DE9487AA20B66A4D00DF3CD3 /* Assets.xcassets */; };
		DE9487AE20B66A4D00DF3CD3 /* LaunchScreen.storyboard in Resources */ = {isa = PBXBuildFile; fileRef = DE9487AC20B66A4D00DF3CD3 /* LaunchScreen.storyboard */; };
		DE9487B120B66A4D00DF3CD3 /* main.m in Sources */ = {isa = PBXBuildFile; fileRef = DE9487B020B66A4D00DF3CD3 /* main.m */; };
/* End PBXBuildFile section */

/* Begin PBXFileReference section */
		DE94879E20B66A4C00DF3CD3 /* XWAutolayoutDemo.app */ = {isa = PBXFileReference; explicitFileType = wrapper.application; includeInIndex = 0; path = XWAutolayoutDemo.app; sourceTree = BUILT_PRODUCTS_DIR; };
		DE9487A120B66A4C00DF3CD3 /* AppDelegate.h */ = {isa = PBXFileReference; lastKnownFileType = sourcecode.c.h; path = AppDelegate.h; sourceTree = "<group>"; };
		DE9487A220B66A4C00DF3CD3 /* AppDelegate.m */ = {isa = PBXFileReference; lastKnownFileType = sourcecode.c.objc; path = AppDelegate.m; sourceTree = "<group>"; };
		DE9487A420B66A4C00DF3CD3 /* ViewController.h */ = {isa = PBXFileReference; lastKnownFileType = sourcecode.c.h; path = ViewController.h; sourceTree = "<group>"; };
		DE9487A520B66A4C00DF3CD3 /* ViewController.m */ = {isa = PBXFileReference; lastKnownFileType = sourcecode.c.objc; path = ViewController.m; sourceTree = "<group>"; };
		DE9487A820B66A4C00DF3CD3 /* Base */ = {isa = PBXFileReference; lastKnownFileType = file.storyboard; name = Base; path = Base.lproj/Main.storyboard; sourceTree = "<group>"; };
		DE9487AA20B66A4D00DF3CD3 /* Assets.xcassets */ = {isa = PBXFileReference; lastKnownFileType = folder.assetcatalog; path = Assets.xcassets; sourceTree = "<group>"; };
		DE9487AD20B66A4D00DF3CD3 /* Base */ = {isa = PBXFileReference; lastKnownFileType = file.storyboard; name = Base; path = Base.lproj/LaunchScreen.storyboard; sourceTree = "<group>"; };
		DE9487AF20B66A4D00DF3CD3 /* Info.plist */ = {isa = PBXFileReference; lastKnownFileType = text.plist.xml; path = Info.plist; sourceTree = "<group>"; };
		DE9487B020B66A4D00DF3CD3 /* main.m */ = {isa = PBXFileReference; lastKnownFileType = sourcecode.c.objc; path = main.m; sourceTree = "<group>"; };
/* End PBXFileReference section */

/* Begin PBXFrameworksBuildPhase section */
		DE94879B20B66A4C00DF3CD3 /* Frameworks */ = {
			isa = PBXFrameworksBuildPhase;
			buildActionMask = 2147483647;
			files = (
			);
			runOnlyForDeploymentPostprocessing = 0;
		};
/* End PBXFrameworksBuildPhase section */

/* Begin PBXGroup section */
		DE94879520B66A4B00DF3CD3 = {
			isa = PBXGroup;
			children = (
				DE9487A020B66A4C00DF3CD3 /* XWAutolayoutDemo */,
				DE94879F20B66A4C00DF3CD3 /* Products */,
			);
			sourceTree = "<group>";
		};
		DE94879F20B66A4C00DF3CD3 /* Products */ = {
			isa = PBXGroup;
			children = (
				DE94879E20B66A4C00DF3CD3 /* XWAutolayoutDemo.app */,
			);
			name = Products;
			sourceTree = "<group>";
		};
		DE9487A020B66A4C00DF3CD3 /* XWAutolayoutDemo */ = {
			isa = PBXGroup;
			children = (
				DE9487A120B66A4C00DF3CD3 /* AppDelegate.h */,
				DE9487A220B66A4C00DF3CD3 /* AppDelegate.m */,
				DE9487A420B66A4C00DF3CD3 /* ViewController.h */,
				DE9487A520B66A4C00DF3CD3 /* ViewController.m */,
				DE9487A720B66A4C00DF3CD3 /* Main.storyboard */,
				DE9487AA20B66A4D00DF3CD3 /* Assets.xcassets */,
				DE9487AC20B66A4D00DF3CD3 /* LaunchScreen.storyboard */,
				DE9487AF20B66A4D00DF3CD3 /* Info.plist */,
				DE9487B020B66A4D00DF3CD3 /* main.m */,
			);
			path = XWAutolayoutDemo;
			sourceTree = "<group>";
		};
/* End PBXGroup section */

/* Begin PBXNativeTarget section */
		DE94879D20B66A4C00DF3CD3 /* XWAutolayoutDemo */ = {
			isa = PBXNativeTarget;
			buildConfigurationList = DE9487B420B66A4D00DF3CD3 /* Build configuration list for PBXNativeTarget "XWAutolayoutDemo" */;
			buildPhases = (
				DE94879A20B66A4C00DF3CD3 /* Sources */,
				DE94879B20B66A4C00DF3CD3 /* Frameworks */,
				DE94879C20B66A4C00DF3CD3 /* Resources */,
			);
			buildRules = (
			);
			dependencies = (
			);
			name = XWAutolayoutDemo;
			productName = XWAutolayoutDemo;
			productReference = DE94879E20B66A4C00DF3CD3 /* XWAutolayoutDemo.app */;
			productType = "com.apple.product-type.application";
		};
/* End PBXNativeTarget section */

/* Begin PBXProject section */
		DE94879620B66A4B00DF3CD3 /* Project object */ = {
			isa = PBXProject;
			attributes = {
				LastUpgradeCheck = 0930;
				ORGANIZATIONNAME = "邱学伟";
				TargetAttributes = {
					DE94879D20B66A4C00DF3CD3 = {
						CreatedOnToolsVersion = 9.3.1;
					};
				};
			};
			buildConfigurationList = DE94879920B66A4B00DF3CD3 /* Build configuration list for PBXProject "XWAutolayoutDemo" */;
			compatibilityVersion = "Xcode 9.3";
			developmentRegion = en;
			hasScannedForEncodings = 0;
			knownRegions = (
				en,
				Base,
			);
			mainGroup = DE94879520B66A4B00DF3CD3;
			productRefGroup = DE94879F20B66A4C00DF3CD3 /* Products */;
			projectDirPath = "";
			projectRoot = "";
			targets = (
				DE94879D20B66A4C00DF3CD3 /* XWAutolayoutDemo */,
			);
		};
/* End PBXProject section */

/* Begin PBXResourcesBuildPhase section */
		DE94879C20B66A4C00DF3CD3 /* Resources */ = {
			isa = PBXResourcesBuildPhase;
			buildActionMask = 2147483647;
			files = (
				DE9487AE20B66A4D00DF3CD3 /* LaunchScreen.storyboard in Resources */,
				DE9487AB20B66A4D00DF3CD3 /* Assets.xcassets in Resources */,
				DE9487A920B66A4C00DF3CD3 /* Main.storyboard in Resources */,
			);
			runOnlyForDeploymentPostprocessing = 0;
		};
/* End PBXResourcesBuildPhase section */

/* Begin PBXSourcesBuildPhase section */
		DE94879A20B66A4C00DF3CD3 /* Sources */ = {
			isa = PBXSourcesBuildPhase;
			buildActionMask = 2147483647;
			files = (
				DE9487A620B66A4C00DF3CD3 /* ViewController.m in Sources */,
				DE9487B120B66A4D00DF3CD3 /* main.m in Sources */,
				DE9487A320B66A4C00DF3CD3 /* AppDelegate.m in Sources */,
			);
			runOnlyForDeploymentPostprocessing = 0;
		};
/* End PBXSourcesBuildPhase section */

/* Begin PBXVariantGroup section */
		DE9487A720B66A4C00DF3CD3 /* Main.storyboard */ = {
			isa = PBXVariantGroup;
			children = (
				DE9487A820B66A4C00DF3CD3 /* Base */,
			);
			name = Main.storyboard;
			sourceTree = "<group>";
		};
		DE9487AC20B66A4D00DF3CD3 /* LaunchScreen.storyboard */ = {
			isa = PBXVariantGroup;
			children = (
				DE9487AD20B66A4D00DF3CD3 /* Base */,
			);
			name = LaunchScreen.storyboard;
			sourceTree = "<group>";
		};
/* End PBXVariantGroup section */

/* Begin XCBuildConfiguration section */
		DE9487B220B66A4D00DF3CD3 /* Debug */ = {
			isa = XCBuildConfiguration;
			buildSettings = {
				ALWAYS_SEARCH_USER_PATHS = NO;
				CLANG_ANALYZER_NONNULL = YES;
				CLANG_ANALYZER_NUMBER_OBJECT_CONVERSION = YES_AGGRESSIVE;
				CLANG_CXX_LANGUAGE_STANDARD = "gnu++14";
				CLANG_CXX_LIBRARY = "libc++";
				CLANG_ENABLE_MODULES = YES;
				CLANG_ENABLE_OBJC_ARC = YES;
				CLANG_ENABLE_OBJC_WEAK = YES;
				CLANG_WARN_BLOCK_CAPTURE_AUTORELEASING = YES;
				CLANG_WARN_BOOL_CONVERSION = YES;
				CLANG_WARN_COMMA = YES;
				CLANG_WARN_CONSTANT_CONVERSION = YES;
				CLANG_WARN_DEPRECATED_OBJC_IMPLEMENTATIONS = YES;
				CLANG_WARN_DIRECT_OBJC_ISA_USAGE = YES_ERROR;
				CLANG_WARN_DOCUMENTATION_COMMENTS = YES;
				CLANG_WARN_EMPTY_BODY = YES;
				CLANG_WARN_ENUM_CONVERSION = YES;
				CLANG_WARN_INFINITE_RECURSION = YES;
				CLANG_WARN_INT_CONVERSION = YES;
				CLANG_WARN_NON_LITERAL_NULL_CONVERSION = YES;
				CLANG_WARN_OBJC_IMPLICIT_RETAIN_SELF = YES;
				CLANG_WARN_OBJC_LITERAL_CONVERSION = YES;
				CLANG_WARN_OBJC_ROOT_CLASS = YES_ERROR;
				CLANG_WARN_RANGE_LOOP_ANALYSIS = YES;
				CLANG_WARN_STRICT_PROTOTYPES = YES;
				CLANG_WARN_SUSPICIOUS_MOVE = YES;
				CLANG_WARN_UNGUARDED_AVAILABILITY = YES_AGGRESSIVE;
				CLANG_WARN_UNREACHABLE_CODE = YES;
				CLANG_WARN__DUPLICATE_METHOD_MATCH = YES;
				CODE_SIGN_IDENTITY = "iPhone Developer";
				COPY_PHASE_STRIP = NO;
				DEBUG_INFORMATION_FORMAT = dwarf;
				ENABLE_STRICT_OBJC_MSGSEND = YES;
				ENABLE_TESTABILITY = YES;
				GCC_C_LANGUAGE_STANDARD = gnu11;
				GCC_DYNAMIC_NO_PIC = NO;
				GCC_NO_COMMON_BLOCKS = YES;
				GCC_OPTIMIZATION_LEVEL = 0;
				GCC_PREPROCESSOR_DEFINITIONS = (
					"DEBUG=1",
					"$(inherited)",
				);
				GCC_WARN_64_TO_32_BIT_CONVERSION = YES;
				GCC_WARN_ABOUT_RETURN_TYPE = YES_ERROR;
				GCC_WARN_UNDECLARED_SELECTOR = YES;
				GCC_WARN_UNINITIALIZED_AUTOS = YES_AGGRESSIVE;
				GCC_WARN_UNUSED_FUNCTION = YES;
				GCC_WARN_UNUSED_VARIABLE = YES;
				IPHONEOS_DEPLOYMENT_TARGET = 11.3;
				MTL_ENABLE_DEBUG_INFO = YES;
				ONLY_ACTIVE_ARCH = YES;
				SDKROOT = iphoneos;
			};
			name = Debug;
		};
		DE9487B320B66A4D00DF3CD3 /* Release */ = {
			isa = XCBuildConfiguration;
			buildSettings = {
				ALWAYS_SEARCH_USER_PATHS = NO;
				CLANG_ANALYZER_NONNULL = YES;
				CLANG_ANALYZER_NUMBER_OBJECT_CONVERSION = YES_AGGRESSIVE;
				CLANG_CXX_LANGUAGE_STANDARD = "gnu++14";
				CLANG_CXX_LIBRARY = "libc++";
				CLANG_ENABLE_MODULES = YES;
				CLANG_ENABLE_OBJC_ARC = YES;
				CLANG_ENABLE_OBJC_WEAK = YES;
				CLANG_WARN_BLOCK_CAPTURE_AUTORELEASING = YES;
				CLANG_WARN_BOOL_CONVERSION = YES;
				CLANG_WARN_COMMA = YES;
				CLANG_WARN_CONSTANT_CONVERSION = YES;
				CLANG_WARN_DEPRECATED_OBJC_IMPLEMENTATIONS = YES;
				CLANG_WARN_DIRECT_OBJC_ISA_USAGE = YES_ERROR;
				CLANG_WARN_DOCUMENTATION_COMMENTS = YES;
				CLANG_WARN_EMPTY_BODY = YES;
				CLANG_WARN_ENUM_CONVERSION = YES;
				CLANG_WARN_INFINITE_RECURSION = YES;
				CLANG_WARN_INT_CONVERSION = YES;
				CLANG_WARN_NON_LITERAL_NULL_CONVERSION = YES;
				CLANG_WARN_OBJC_IMPLICIT_RETAIN_SELF = YES;
				CLANG_WARN_OBJC_LITERAL_CONVERSION = YES;
				CLANG_WARN_OBJC_ROOT_CLASS = YES_ERROR;
				CLANG_WARN_RANGE_LOOP_ANALYSIS = YES;
				CLANG_WARN_STRICT_PROTOTYPES = YES;
				CLANG_WARN_SUSPICIOUS_MOVE = YES;
				CLANG_WARN_UNGUARDED_AVAILABILITY = YES_AGGRESSIVE;
				CLANG_WARN_UNREACHABLE_CODE = YES;
				CLANG_WARN__DUPLICATE_METHOD_MATCH = YES;
				CODE_SIGN_IDENTITY = "iPhone Developer";
				COPY_PHASE_STRIP = NO;
				DEBUG_INFORMATION_FORMAT = "dwarf-with-dsym";
				ENABLE_NS_ASSERTIONS = NO;
				ENABLE_STRICT_OBJC_MSGSEND = YES;
				GCC_C_LANGUAGE_STANDARD = gnu11;
				GCC_NO_COMMON_BLOCKS = YES;
				GCC_WARN_64_TO_32_BIT_CONVERSION = YES;
				GCC_WARN_ABOUT_RETURN_TYPE = YES_ERROR;
				GCC_WARN_UNDECLARED_SELECTOR = YES;
				GCC_WARN_UNINITIALIZED_AUTOS = YES_AGGRESSIVE;
				GCC_WARN_UNUSED_FUNCTION = YES;
				GCC_WARN_UNUSED_VARIABLE = YES;
				IPHONEOS_DEPLOYMENT_TARGET = 11.3;
				MTL_ENABLE_DEBUG_INFO = NO;
				SDKROOT = iphoneos;
				VALIDATE_PRODUCT = YES;
			};
			name = Release;
		};
		DE9487B520B66A4D00DF3CD3 /* Debug */ = {
			isa = XCBuildConfiguration;
			buildSettings = {
				ASSETCATALOG_COMPILER_APPICON_NAME = AppIcon;
				CODE_SIGN_STYLE = Automatic;
				INFOPLIST_FILE = XWAutolayoutDemo/Info.plist;
				LD_RUNPATH_SEARCH_PATHS = (
					"$(inherited)",
					"@executable_path/Frameworks",
				);
				PRODUCT_BUNDLE_IDENTIFIER = com.qiuxuewei.XWAutolayoutDemo;
				PRODUCT_NAME = "$(TARGET_NAME)";
				TARGETED_DEVICE_FAMILY = "1,2";
			};
			name = Debug;
		};
		DE9487B620B66A4D00DF3CD3 /* Release */ = {
			isa = XCBuildConfiguration;
			buildSettings = {
				ASSETCATALOG_COMPILER_APPICON_NAME = AppIcon;
				CODE_SIGN_STYLE = Automatic;
				INFOPLIST_FILE = XWAutolayoutDemo/Info.plist;
				LD_RUNPATH_SEARCH_PATHS = (
					"$(inherited)",
					"@executable_path/Frameworks",
				);
				PRODUCT_BUNDLE_IDENTIFIER = com.qiuxuewei.XWAutolayoutDemo;
				PRODUCT_NAME = "$(TARGET_NAME)";
				TARGETED_DEVICE_FAMILY = "1,2";
			};
			name = Release;
		};
/* End XCBuildConfiguration section */

/* Begin XCConfigurationList section */
		DE94879920B66A4B00DF3CD3 /* Build configuration list for PBXProject "XWAutolayoutDemo" */ = {
			isa = XCConfigurationList;
			buildConfigurations = (
				DE9487B220B66A4D00DF3CD3 /* Debug */,
				DE9487B320B66A4D00DF3CD3 /* Release */,
			);
			defaultConfigurationIsVisible = 0;
			defaultConfigurationName = Release;
		};
		DE9487B420B66A4D00DF3CD3 /* Build configuration list for PBXNativeTarget "XWAutolayoutDemo" */ = {
			isa = XCConfigurationList;
			buildConfigurations = (
				DE9487B520B66A4D00DF3CD3 /* Debug */,
				DE9487B620B66A4D00DF3CD3 /* Release */,
			);
			defaultConfigurationIsVisible = 0;
			defaultConfigurationName = Release;
		};
/* End XCConfigurationList section */
	};
	rootObject = DE94879620B66A4B00DF3CD3 /* Project object */;
}
